
Microsoft Visual Studio Solution File, Format Version 12.00
# Visual Studio Version 17
VisualStudioVersion = 17.8.34511.84
MinimumVisualStudioVersion = 10.0.40219.1
Project("{FAE04EC0-301F-11D3-BF4B-00C04F79EFBC}") = "ConsoleApplication", "ConsoleApplication\ConsoleApplication.csproj", "{14F2ED7B-F156-4CBF-8FF5-AED80979F239}"
EndProject
Global
	GlobalSection(SolutionConfigurationPlatforms) = preSolution
		Debug|Any CPU = Debug|Any CPU
		Release|Any CPU = Release|Any CPU
	EndGlobalSection
	GlobalSection(ProjectConfigurationPlatforms) = postSolution
		{14F2ED7B-F156-4CBF-8FF5-AED80979F239}.Debug|Any CPU.ActiveCfg = Debug|Any CPU
		{14F2ED7B-F156-4CBF-8FF5-AED80979F239}.Debug|Any CPU.Build.0 = Debug|Any CPU
		{14F2ED7B-F156-4CBF-8FF5-AED80979F239}.Release|Any CPU.ActiveCfg = Release|Any CPU
		{14F2ED7B-F156-4CBF-8FF5-AED80979F239}.Release|Any CPU.Build.0 = Release|Any CPU
	EndGlobalSection
	GlobalSection(SolutionProperties) = preSolution
		HideSolutionNode = FALSE
	EndGlobalSection
	GlobalSection(ExtensibilityGlobals) = postSolution
		SolutionGuid = {D0102670-E607-4E26-AFDE-5F5CDEA5E859}
	EndGlobalSection
EndGlobal
